
Microsoft Visual Studio Solution File, Format Version 12.00
# Visual Studio Version 16
VisualStudioVersion = 16.0.31424.327
MinimumVisualStudioVersion = 10.0.40219.1
Project("{9A19103F-16F7-4668-BE54-9A1E7A4F7556}") = "SeleniumWebDriverConcept", "SeleniumWebDriverConcept.csproj", "{0BBCFAE1-C92D-43C5-A4FB-2C9EADE48DA6}"
EndProject
Project("{FAE04EC0-301F-11D3-BF4B-00C04F79EFBC}") = "SeleniumNunitConcept", "..\SeleniumNunitConcept\SeleniumNunitConcept.csproj", "{7FBFF772-D252-471E-9788-3D07698A42D5}"
EndProject
Global
	GlobalSection(SolutionConfigurationPlatforms) = preSolution
		Debug|Any CPU = Debug|Any CPU
		Release|Any CPU = Release|Any CPU
	EndGlobalSection
	GlobalSection(ProjectConfigurationPlatforms) = postSolution
		{0BBCFAE1-C92D-43C5-A4FB-2C9EADE48DA6}.Debug|Any CPU.ActiveCfg = Debug|Any CPU
		{0BBCFAE1-C92D-43C5-A4FB-2C9EADE48DA6}.Debug|Any CPU.Build.0 = Debug|Any CPU
		{0BBCFAE1-C92D-43C5-A4FB-2C9EADE48DA6}.Release|Any CPU.ActiveCfg = Release|Any CPU
		{0BBCFAE1-C92D-43C5-A4FB-2C9EADE48DA6}.Release|Any CPU.Build.0 = Release|Any CPU
		{7FBFF772-D252-471E-9788-3D07698A42D5}.Debug|Any CPU.ActiveCfg = Debug|Any CPU
		{7FBFF772-D252-471E-9788-3D07698A42D5}.Debug|Any CPU.Build.0 = Debug|Any CPU
		{7FBFF772-D252-471E-9788-3D07698A42D5}.Release|Any CPU.ActiveCfg = Release|Any CPU
		{7FBFF772-D252-471E-9788-3D07698A42D5}.Release|Any CPU.Build.0 = Release|Any CPU
	EndGlobalSection
	GlobalSection(SolutionProperties) = preSolution
		HideSolutionNode = FALSE
	EndGlobalSection
	GlobalSection(ExtensibilityGlobals) = postSolution
		SolutionGuid = {04CA18C2-C945-420E-A2E0-55154F5E1BC9}
	EndGlobalSection
EndGlobal
